
Microsoft Visual Studio Solution File, Format Version 12.00
# Visual Studio Version 16
VisualStudioVersion = 16.0.30804.86
MinimumVisualStudioVersion = 10.0.40219.1
Project("{9A19103F-16F7-4668-BE54-9A1E7A4F7556}") = "Aldwych.LogView", "LogView\Aldwych.LogView.csproj", "{32707FC1-A605-4609-8ED8-BA0ED2003B7D}"
EndProject
Project("{9A19103F-16F7-4668-BE54-9A1E7A4F7556}") = "SampleApp", "SampleApp\SampleApp.csproj", "{972AE5E9-DA7E-443D-9A81-16693FA433E1}"
EndProject
Global
	GlobalSection(SolutionConfigurationPlatforms) = preSolution
		Debug|Any CPU = Debug|Any CPU
		Release|Any CPU = Release|Any CPU
	EndGlobalSection
	GlobalSection(ProjectConfigurationPlatforms) = postSolution
		{32707FC1-A605-4609-8ED8-BA0ED2003B7D}.Debug|Any CPU.ActiveCfg = Debug|Any CPU
		{32707FC1-A605-4609-8ED8-BA0ED2003B7D}.Debug|Any CPU.Build.0 = Debug|Any CPU
		{32707FC1-A605-4609-8ED8-BA0ED2003B7D}.Release|Any CPU.ActiveCfg = Release|Any CPU
		{32707FC1-A605-4609-8ED8-BA0ED2003B7D}.Release|Any CPU.Build.0 = Release|Any CPU
		{972AE5E9-DA7E-443D-9A81-16693FA433E1}.Debug|Any CPU.ActiveCfg = Debug|Any CPU
		{972AE5E9-DA7E-443D-9A81-16693FA433E1}.Debug|Any CPU.Build.0 = Debug|Any CPU
		{972AE5E9-DA7E-443D-9A81-16693FA433E1}.Release|Any CPU.ActiveCfg = Release|Any CPU
		{972AE5E9-DA7E-443D-9A81-16693FA433E1}.Release|Any CPU.Build.0 = Release|Any CPU
	EndGlobalSection
	GlobalSection(SolutionProperties) = preSolution
		HideSolutionNode = FALSE
	EndGlobalSection
	GlobalSection(ExtensibilityGlobals) = postSolution
		SolutionGuid = {8A4D7C0F-D678-4BC0-907C-FE05D7F70866}
	EndGlobalSection
EndGlobal
